// !$*UTF8*$!
{
	archiveVersion = 1;
	classes = {
	};
	objectVersion = 56;
	objects = {

/* Begin PBXBuildFile section */
		A10000010000000000000001 /* MacSCPApp.swift in Sources */ = {isa = PBXBuildFile; fileRef = A20000010000000000000001; };
		A10000020000000000000002 /* ServerConnection.swift in Sources */ = {isa = PBXBuildFile; fileRef = A20000020000000000000002; };
		A10000030000000000000003 /* FileItem.swift in Sources */ = {isa = PBXBuildFile; fileRef = A20000030000000000000003; };
		A10000040000000000000004 /* TransferTask.swift in Sources */ = {isa = PBXBuildFile; fileRef = A20000040000000000000004; };
		A10000050000000000000005 /* SSHService.swift in Sources */ = {isa = PBXBuildFile; fileRef = A20000050000000000000005; };
		A10000060000000000000006 /* SFTPService.swift in Sources */ = {isa = PBXBuildFile; fileRef = A20000060000000000000006; };
		A10000070000000000000007 /* TransferManager.swift in Sources */ = {isa = PBXBuildFile; fileRef = A20000070000000000000007; };
		A10000080000000000000008 /* MainView.swift in Sources */ = {isa = PBXBuildFile; fileRef = A20000080000000000000008; };
		A10000090000000000000009 /* ConnectionView.swift in Sources */ = {isa = PBXBuildFile; fileRef = A20000090000000000000009; };
		A1000010000000000000000A /* LocalFileBrowser.swift in Sources */ = {isa = PBXBuildFile; fileRef = A2000010000000000000000A; };
		A1000011000000000000000B /* RemoteFileBrowser.swift in Sources */ = {isa = PBXBuildFile; fileRef = A2000011000000000000000B; };
		A1000012000000000000000C /* FileRowView.swift in Sources */ = {isa = PBXBuildFile; fileRef = A2000012000000000000000C; };
		A1000013000000000000000D /* TransferQueueView.swift in Sources */ = {isa = PBXBuildFile; fileRef = A2000013000000000000000D; };
		A1000014000000000000000E /* ConnectionManagerView.swift in Sources */ = {isa = PBXBuildFile; fileRef = A2000014000000000000000E; };
		A1000015000000000000000F /* ToolbarView.swift in Sources */ = {isa = PBXBuildFile; fileRef = A2000015000000000000000F; };
		A10000160000000000000010 /* FileHelper.swift in Sources */ = {isa = PBXBuildFile; fileRef = A20000160000000000000010; };
		A10000170000000000000011 /* SSHKeyManager.swift in Sources */ = {isa = PBXBuildFile; fileRef = A20000170000000000000011; };
/* End PBXBuildFile section */

/* Begin PBXFileReference section */
		A20000010000000000000001 /* MacSCPApp.swift */ = {isa = PBXFileReference; lastKnownFileType = sourcecode.swift; path = MacSCPApp.swift; sourceTree = "<group>"; };
		A20000020000000000000002 /* ServerConnection.swift */ = {isa = PBXFileReference; lastKnownFileType = sourcecode.swift; path = ServerConnection.swift; sourceTree = "<group>"; };
		A20000030000000000000003 /* FileItem.swift */ = {isa = PBXFileReference; lastKnownFileType = sourcecode.swift; path = FileItem.swift; sourceTree = "<group>"; };
		A20000040000000000000004 /* TransferTask.swift */ = {isa = PBXFileReference; lastKnownFileType = sourcecode.swift; path = TransferTask.swift; sourceTree = "<group>"; };
		A20000050000000000000005 /* SSHService.swift */ = {isa = PBXFileReference; lastKnownFileType = sourcecode.swift; path = SSHService.swift; sourceTree = "<group>"; };
		A20000060000000000000006 /* SFTPService.swift */ = {isa = PBXFileReference; lastKnownFileType = sourcecode.swift; path = SFTPService.swift; sourceTree = "<group>"; };
		A20000070000000000000007 /* TransferManager.swift */ = {isa = PBXFileReference; lastKnownFileType = sourcecode.swift; path = TransferManager.swift; sourceTree = "<group>"; };
		A20000080000000000000008 /* MainView.swift */ = {isa = PBXFileReference; lastKnownFileType = sourcecode.swift; path = MainView.swift; sourceTree = "<group>"; };
		A20000090000000000000009 /* ConnectionView.swift */ = {isa = PBXFileReference; lastKnownFileType = sourcecode.swift; path = ConnectionView.swift; sourceTree = "<group>"; };
		A2000010000000000000000A /* LocalFileBrowser.swift */ = {isa = PBXFileReference; lastKnownFileType = sourcecode.swift; path = LocalFileBrowser.swift; sourceTree = "<group>"; };
		A2000011000000000000000B /* RemoteFileBrowser.swift */ = {isa = PBXFileReference; lastKnownFileType = sourcecode.swift; path = RemoteFileBrowser.swift; sourceTree = "<group>"; };
		A2000012000000000000000C /* FileRowView.swift */ = {isa = PBXFileReference; lastKnownFileType = sourcecode.swift; path = FileRowView.swift; sourceTree = "<group>"; };
		A2000013000000000000000D /* TransferQueueView.swift */ = {isa = PBXFileReference; lastKnownFileType = sourcecode.swift; path = TransferQueueView.swift; sourceTree = "<group>"; };
		A2000014000000000000000E /* ConnectionManagerView.swift */ = {isa = PBXFileReference; lastKnownFileType = sourcecode.swift; path = ConnectionManagerView.swift; sourceTree = "<group>"; };
		A2000015000000000000000F /* ToolbarView.swift */ = {isa = PBXFileReference; lastKnownFileType = sourcecode.swift; path = ToolbarView.swift; sourceTree = "<group>"; };
		A20000160000000000000010 /* FileHelper.swift */ = {isa = PBXFileReference; lastKnownFileType = sourcecode.swift; path = FileHelper.swift; sourceTree = "<group>"; };
		A20000170000000000000011 /* SSHKeyManager.swift */ = {isa = PBXFileReference; lastKnownFileType = sourcecode.swift; path = SSHKeyManager.swift; sourceTree = "<group>"; };
		A30000000000000000000001 /* MacSCP.app */ = {isa = PBXFileReference; explicitFileType = wrapper.application; includeInIndex = 0; path = MacSCP.app; sourceTree = BUILT_PRODUCTS_DIR; };
		A30000000000000000000002 /* MacSCP.entitlements */ = {isa = PBXFileReference; lastKnownFileType = text.plist.entitlements; path = MacSCP.entitlements; sourceTree = "<group>"; };
/* End PBXFileReference section */

/* Begin PBXFrameworksBuildPhase section */
		A40000000000000000000001 /* Frameworks */ = {
			isa = PBXFrameworksBuildPhase;
			buildActionMask = 2147483647;
			files = (
			);
			runOnlyForDeploymentPostprocessing = 0;
		};
/* End PBXFrameworksBuildPhase section */

/* Begin PBXGroup section */
		A50000000000000000000001 = {
			isa = PBXGroup;
			children = (
				A50000000000000000000002 /* MacSCP */,
				A50000000000000000000007 /* Products */,
			);
			sourceTree = "<group>";
		};
		A50000000000000000000002 /* MacSCP */ = {
			isa = PBXGroup;
			children = (
				A20000010000000000000001 /* MacSCPApp.swift */,
				A50000000000000000000003 /* Models */,
				A50000000000000000000004 /* Services */,
				A50000000000000000000005 /* Views */,
				A50000000000000000000006 /* Utilities */,
				A30000000000000000000002 /* MacSCP.entitlements */,
			);
			path = MacSCP;
			sourceTree = "<group>";
		};
		A50000000000000000000003 /* Models */ = {
			isa = PBXGroup;
			children = (
				A20000020000000000000002 /* ServerConnection.swift */,
				A20000030000000000000003 /* FileItem.swift */,
				A20000040000000000000004 /* TransferTask.swift */,
			);
			path = Models;
			sourceTree = "<group>";
		};
		A50000000000000000000004 /* Services */ = {
			isa = PBXGroup;
			children = (
				A20000050000000000000005 /* SSHService.swift */,
				A20000060000000000000006 /* SFTPService.swift */,
				A20000070000000000000007 /* TransferManager.swift */,
			);
			path = Services;
			sourceTree = "<group>";
		};
		A50000000000000000000005 /* Views */ = {
			isa = PBXGroup;
			children = (
				A20000080000000000000008 /* MainView.swift */,
				A20000090000000000000009 /* ConnectionView.swift */,
				A2000010000000000000000A /* LocalFileBrowser.swift */,
				A2000011000000000000000B /* RemoteFileBrowser.swift */,
				A2000012000000000000000C /* FileRowView.swift */,
				A2000013000000000000000D /* TransferQueueView.swift */,
				A2000014000000000000000E /* ConnectionManagerView.swift */,
				A2000015000000000000000F /* ToolbarView.swift */,
			);
			path = Views;
			sourceTree = "<group>";
		};
		A50000000000000000000006 /* Utilities */ = {
			isa = PBXGroup;
			children = (
				A20000160000000000000010 /* FileHelper.swift */,
				A20000170000000000000011 /* SSHKeyManager.swift */,
			);
			path = Utilities;
			sourceTree = "<group>";
		};
		A50000000000000000000007 /* Products */ = {
			isa = PBXGroup;
			children = (
				A30000000000000000000001 /* MacSCP.app */,
			);
			name = Products;
			sourceTree = "<group>";
		};
/* End PBXGroup section */

/* Begin PBXNativeTarget section */
		A60000000000000000000001 /* MacSCP */ = {
			isa = PBXNativeTarget;
			buildConfigurationList = A80000000000000000000003 /* Build configuration list for PBXNativeTarget "MacSCP" */;
			buildPhases = (
				A70000000000000000000001 /* Sources */,
				A40000000000000000000001 /* Frameworks */,
				A90000000000000000000001 /* Resources */,
			);
			buildRules = (
			);
			dependencies = (
			);
			name = MacSCP;
			productName = MacSCP;
			productReference = A30000000000000000000001 /* MacSCP.app */;
			productType = "com.apple.product-type.application";
		};
/* End PBXNativeTarget section */

/* Begin PBXProject section */
		A50000000000000000000000 /* Project object */ = {
			isa = PBXProject;
			attributes = {
				BuildIndependentTargetsInParallel = 1;
				LastSwiftUpdateCheck = 1500;
				LastUpgradeCheck = 1500;
				TargetAttributes = {
					A60000000000000000000001 = {
						CreatedOnToolsVersion = 15.0;
					};
				};
			};
			buildConfigurationList = A80000000000000000000001 /* Build configuration list for PBXProject "MacSCP" */;
			compatibilityVersion = "Xcode 14.0";
			developmentRegion = en;
			hasScannedForEncodings = 0;
			knownRegions = (
				en,
				Base,
			);
			mainGroup = A50000000000000000000001;
			productRefGroup = A50000000000000000000007 /* Products */;
			projectDirPath = "";
			projectRoot = "";
			targets = (
				A60000000000000000000001 /* MacSCP */,
			);
		};
/* End PBXProject section */

/* Begin PBXResourcesBuildPhase section */
		A90000000000000000000001 /* Resources */ = {
			isa = PBXResourcesBuildPhase;
			buildActionMask = 2147483647;
			files = (
			);
			runOnlyForDeploymentPostprocessing = 0;
		};
/* End PBXResourcesBuildPhase section */

/* Begin PBXSourcesBuildPhase section */
		A70000000000000000000001 /* Sources */ = {
			isa = PBXSourcesBuildPhase;
			buildActionMask = 2147483647;
			files = (
				A10000010000000000000001 /* MacSCPApp.swift in Sources */,
				A10000020000000000000002 /* ServerConnection.swift in Sources */,
				A10000030000000000000003 /* FileItem.swift in Sources */,
				A10000040000000000000004 /* TransferTask.swift in Sources */,
				A10000050000000000000005 /* SSHService.swift in Sources */,
				A10000060000000000000006 /* SFTPService.swift in Sources */,
				A10000070000000000000007 /* TransferManager.swift in Sources */,
				A10000080000000000000008 /* MainView.swift in Sources */,
				A10000090000000000000009 /* ConnectionView.swift in Sources */,
				A1000010000000000000000A /* LocalFileBrowser.swift in Sources */,
				A1000011000000000000000B /* RemoteFileBrowser.swift in Sources */,
				A1000012000000000000000C /* FileRowView.swift in Sources */,
				A1000013000000000000000D /* TransferQueueView.swift in Sources */,
				A1000014000000000000000E /* ConnectionManagerView.swift in Sources */,
				A1000015000000000000000F /* ToolbarView.swift in Sources */,
				A10000160000000000000010 /* FileHelper.swift in Sources */,
				A10000170000000000000011 /* SSHKeyManager.swift in Sources */,
			);
			runOnlyForDeploymentPostprocessing = 0;
		};
/* End PBXSourcesBuildPhase section */

/* Begin XCBuildConfiguration section */
		B10000000000000000000001 /* Debug */ = {
			isa = XCBuildConfiguration;
			buildSettings = {
				ALWAYS_SEARCH_USER_PATHS = NO;
				ASSETCATALOG_COMPILER_GENERATE_SWIFT_ASSET_SYMBOL_EXTENSIONS = YES;
				CLANG_ANALYZER_NONNULL = YES;
				CLANG_ANALYZER_NUMBER_OBJECT_CONVERSION = YES_AGGRESSIVE;
				CLANG_CXX_LANGUAGE_STANDARD = "gnu++20";
				CLANG_ENABLE_MODULES = YES;
				CLANG_ENABLE_OBJC_ARC = YES;
				CLANG_ENABLE_OBJC_WEAK = YES;
				CLANG_WARN_BLOCK_CAPTURE_AUTORELEASING = YES;
				CLANG_WARN_BOOL_CONVERSION = YES;
				CLANG_WARN_COMMA = YES;
				CLANG_WARN_CONSTANT_CONVERSION = YES;
				CLANG_WARN_DEPRECATED_OBJC_IMPLEMENTATIONS = YES;
				CLANG_WARN_DIRECT_OBJC_ISA_USAGE = YES_ERROR;
				CLANG_WARN_DOCUMENTATION_COMMENTS = YES;
				CLANG_WARN_EMPTY_BODY = YES;
				CLANG_WARN_ENUM_CONVERSION = YES;
				CLANG_WARN_INFINITE_RECURSION = YES;
				CLANG_WARN_INT_CONVERSION = YES;
				CLANG_WARN_NON_LITERAL_NULL_CONVERSION = YES;
				CLANG_WARN_OBJC_IMPLICIT_RETAIN_SELF = YES;
				CLANG_WARN_OBJC_LITERAL_CONVERSION = YES;
				CLANG_WARN_OBJC_ROOT_CLASS = YES_ERROR;
				CLANG_WARN_QUOTED_INCLUDE_IN_FRAMEWORK_HEADER = YES;
				CLANG_WARN_RANGE_LOOP_ANALYSIS = YES;
				CLANG_WARN_STRICT_PROTOTYPES = YES;
				CLANG_WARN_SUSPICIOUS_MOVE = YES;
				CLANG_WARN_UNGUARDED_AVAILABILITY = YES_AGGRESSIVE;
				CLANG_WARN_UNREACHABLE_CODE = YES;
				CLANG_WARN__DUPLICATE_METHOD_MATCH = YES;
				COPY_PHASE_STRIP = NO;
				DEBUG_INFORMATION_FORMAT = dwarf;
				ENABLE_STRICT_OBJC_MSGSEND = YES;
				ENABLE_TESTABILITY = YES;
				ENABLE_USER_SCRIPT_SANDBOXING = YES;
				GCC_C_LANGUAGE_STANDARD = gnu17;
				GCC_DYNAMIC_NO_PIC = NO;
				GCC_NO_COMMON_BLOCKS = YES;
				GCC_OPTIMIZATION_LEVEL = 0;
				GCC_PREPROCESSOR_DEFINITIONS = (
					"DEBUG=1",
					"$(inherited)",
				);
				GCC_WARN_64_TO_32_BIT_CONVERSION = YES;
				GCC_WARN_ABOUT_RETURN_TYPE = YES_ERROR;
				GCC_WARN_UNDECLARED_SELECTOR = YES;
				GCC_WARN_UNINITIALIZED_AUTOS = YES_AGGRESSIVE;
				GCC_WARN_UNUSED_FUNCTION = YES;
				GCC_WARN_UNUSED_VARIABLE = YES;
				MACOSX_DEPLOYMENT_TARGET = 13.0;
				MTL_ENABLE_DEBUG_INFO = INCLUDE_SOURCE;
				MTL_FAST_MATH = YES;
				ONLY_ACTIVE_ARCH = YES;
				SDKROOT = macosx;
				SWIFT_ACTIVE_COMPILATION_CONDITIONS = "DEBUG $(inherited)";
				SWIFT_OPTIMIZATION_LEVEL = "-Onone";
			};
			name = Debug;
		};
		B10000000000000000000002 /* Release */ = {
			isa = XCBuildConfiguration;
			buildSettings = {
				ALWAYS_SEARCH_USER_PATHS = NO;
				ASSETCATALOG_COMPILER_GENERATE_SWIFT_ASSET_SYMBOL_EXTENSIONS = YES;
				CLANG_ANALYZER_NONNULL = YES;
				CLANG_ANALYZER_NUMBER_OBJECT_CONVERSION = YES_AGGRESSIVE;
				CLANG_CXX_LANGUAGE_STANDARD = "gnu++20";
				CLANG_ENABLE_MODULES = YES;
				CLANG_ENABLE_OBJC_ARC = YES;
				CLANG_ENABLE_OBJC_WEAK = YES;
				CLANG_WARN_BLOCK_CAPTURE_AUTORELEASING = YES;
				CLANG_WARN_BOOL_CONVERSION = YES;
				CLANG_WARN_COMMA = YES;
				CLANG_WARN_CONSTANT_CONVERSION = YES;
				CLANG_WARN_DEPRECATED_OBJC_IMPLEMENTATIONS = YES;
				CLANG_WARN_DIRECT_OBJC_ISA_USAGE = YES_ERROR;
				CLANG_WARN_DOCUMENTATION_COMMENTS = YES;
				CLANG_WARN_EMPTY_BODY = YES;
				CLANG_WARN_ENUM_CONVERSION = YES;
				CLANG_WARN_INFINITE_RECURSION = YES;
				CLANG_WARN_INT_CONVERSION = YES;
				CLANG_WARN_NON_LITERAL_NULL_CONVERSION = YES;
				CLANG_WARN_OBJC_IMPLICIT_RETAIN_SELF = YES;
				CLANG_WARN_OBJC_LITERAL_CONVERSION = YES;
				CLANG_WARN_OBJC_ROOT_CLASS = YES_ERROR;
				CLANG_WARN_QUOTED_INCLUDE_IN_FRAMEWORK_HEADER = YES;
				CLANG_WARN_RANGE_LOOP_ANALYSIS = YES;
				CLANG_WARN_STRICT_PROTOTYPES = YES;
				CLANG_WARN_SUSPICIOUS_MOVE = YES;
				CLANG_WARN_UNGUARDED_AVAILABILITY = YES_AGGRESSIVE;
				CLANG_WARN_UNREACHABLE_CODE = YES;
				CLANG_WARN__DUPLICATE_METHOD_MATCH = YES;
				COPY_PHASE_STRIP = NO;
				DEBUG_INFORMATION_FORMAT = "dwarf-with-dsym";
				ENABLE_NS_ASSERTIONS = NO;
				ENABLE_STRICT_OBJC_MSGSEND = YES;
				ENABLE_USER_SCRIPT_SANDBOXING = YES;
				GCC_C_LANGUAGE_STANDARD = gnu17;
				GCC_NO_COMMON_BLOCKS = YES;
				GCC_WARN_64_TO_32_BIT_CONVERSION = YES;
				GCC_WARN_ABOUT_RETURN_TYPE = YES_ERROR;
				GCC_WARN_UNDECLARED_SELECTOR = YES;
				GCC_WARN_UNINITIALIZED_AUTOS = YES_AGGRESSIVE;
				GCC_WARN_UNUSED_FUNCTION = YES;
				GCC_WARN_UNUSED_VARIABLE = YES;
				MACOSX_DEPLOYMENT_TARGET = 13.0;
				MTL_ENABLE_DEBUG_INFO = NO;
				MTL_FAST_MATH = YES;
				SDKROOT = macosx;
				SWIFT_COMPILATION_MODE = wholemodule;
			};
			name = Release;
		};
		B10000000000000000000003 /* Debug */ = {
			isa = XCBuildConfiguration;
			buildSettings = {
				ASSETCATALOG_COMPILER_APPICON_NAME = AppIcon;
				ASSETCATALOG_COMPILER_GLOBAL_ACCENT_COLOR_NAME = AccentColor;
				CODE_SIGN_ENTITLEMENTS = MacSCP/MacSCP.entitlements;
				"CODE_SIGN_IDENTITY[sdk=macosx*]" = "-";
				CODE_SIGN_STYLE = Automatic;
				COMBINE_HIDPI_IMAGES = YES;
				CURRENT_PROJECT_VERSION = 1;
				DEVELOPMENT_TEAM = "";
				ENABLE_HARDENED_RUNTIME = NO;
				ENABLE_APP_SANDBOX = NO;
				GENERATE_INFOPLIST_FILE = YES;
				INFOPLIST_KEY_LSApplicationCategoryType = "public.app-category.utilities";
				INFOPLIST_KEY_NSHumanReadableCopyright = "";
				LD_RUNPATH_SEARCH_PATHS = (
					"$(inherited)",
					"@executable_path/../Frameworks",
				);
				MARKETING_VERSION = 1.0;
				PRODUCT_BUNDLE_IDENTIFIER = com.macscp.app;
				PRODUCT_NAME = "$(TARGET_NAME)";
				SWIFT_EMIT_LOC_STRINGS = YES;
				SWIFT_VERSION = 5.0;
				SWIFT_STRICT_CONCURRENCY = minimal;
			};
			name = Debug;
		};
		B10000000000000000000004 /* Release */ = {
			isa = XCBuildConfiguration;
			buildSettings = {
				ASSETCATALOG_COMPILER_APPICON_NAME = AppIcon;
				ASSETCATALOG_COMPILER_GLOBAL_ACCENT_COLOR_NAME = AccentColor;
				CODE_SIGN_ENTITLEMENTS = MacSCP/MacSCP.entitlements;
				"CODE_SIGN_IDENTITY[sdk=macosx*]" = "-";
				CODE_SIGN_STYLE = Automatic;
				COMBINE_HIDPI_IMAGES = YES;
				CURRENT_PROJECT_VERSION = 1;
				DEVELOPMENT_TEAM = "";
				ENABLE_HARDENED_RUNTIME = NO;
				ENABLE_APP_SANDBOX = NO;
				GENERATE_INFOPLIST_FILE = YES;
				INFOPLIST_KEY_LSApplicationCategoryType = "public.app-category.utilities";
				INFOPLIST_KEY_NSHumanReadableCopyright = "";
				LD_RUNPATH_SEARCH_PATHS = (
					"$(inherited)",
					"@executable_path/../Frameworks",
				);
				MARKETING_VERSION = 1.0;
				PRODUCT_BUNDLE_IDENTIFIER = com.macscp.app;
				PRODUCT_NAME = "$(TARGET_NAME)";
				SWIFT_EMIT_LOC_STRINGS = YES;
				SWIFT_VERSION = 5.0;
				SWIFT_STRICT_CONCURRENCY = minimal;
			};
			name = Release;
		};
/* End XCBuildConfiguration section */

/* Begin XCConfigurationList section */
		A80000000000000000000001 /* Build configuration list for PBXProject "MacSCP" */ = {
			isa = XCConfigurationList;
			buildConfigurations = (
				B10000000000000000000001 /* Debug */,
				B10000000000000000000002 /* Release */,
			);
			defaultConfigurationIsVisible = 0;
			defaultConfigurationName = Release;
		};
		A80000000000000000000003 /* Build configuration list for PBXNativeTarget "MacSCP" */ = {
			isa = XCConfigurationList;
			buildConfigurations = (
				B10000000000000000000003 /* Debug */,
				B10000000000000000000004 /* Release */,
			);
			defaultConfigurationIsVisible = 0;
			defaultConfigurationName = Release;
		};
/* End XCConfigurationList section */

	};
	rootObject = A50000000000000000000000 /* Project object */;
}
